
Microsoft Visual Studio Solution File, Format Version 12.00
# Visual Studio 15
VisualStudioVersion = 15.0.26430.16
MinimumVisualStudioVersion = 10.0.40219.1
Project("{8BC9CEB8-8B4A-11D0-8D11-00A0C91BC942}") = "OHS_GUI", "TWL_GUI\TWL_GUI.vcxproj", "{BF5085B8-6B31-450A-9271-11ED0EB59739}"
EndProject
Project("{54435603-DBB4-11D2-8724-00A0C9A8B90C}") = "Optilab OHS v1.0.0 Installer", "Optilab OHS v1.0.0 Installer\Optilab OHS v1.0.0 Installer.vdproj", "{7857D395-8614-4EED-AB1D-4EC636A713F8}"
EndProject
Global
	GlobalSection(SolutionConfigurationPlatforms) = preSolution
		Debug|x64 = Debug|x64
		Debug|x86 = Debug|x86
		Release|x64 = Release|x64
		Release|x86 = Release|x86
	EndGlobalSection
	GlobalSection(ProjectConfigurationPlatforms) = postSolution
		{BF5085B8-6B31-450A-9271-11ED0EB59739}.Debug|x64.ActiveCfg = Debug|x64
		{BF5085B8-6B31-450A-9271-11ED0EB59739}.Debug|x64.Build.0 = Debug|x64
		{BF5085B8-6B31-450A-9271-11ED0EB59739}.Debug|x86.ActiveCfg = Debug|Win32
		{BF5085B8-6B31-450A-9271-11ED0EB59739}.Debug|x86.Build.0 = Debug|Win32
		{BF5085B8-6B31-450A-9271-11ED0EB59739}.Release|x64.ActiveCfg = Release|x64
		{BF5085B8-6B31-450A-9271-11ED0EB59739}.Release|x64.Build.0 = Release|x64
		{BF5085B8-6B31-450A-9271-11ED0EB59739}.Release|x86.ActiveCfg = Release|Win32
		{BF5085B8-6B31-450A-9271-11ED0EB59739}.Release|x86.Build.0 = Release|Win32
		{7857D395-8614-4EED-AB1D-4EC636A713F8}.Debug|x64.ActiveCfg = Debug
		{7857D395-8614-4EED-AB1D-4EC636A713F8}.Debug|x86.ActiveCfg = Debug
		{7857D395-8614-4EED-AB1D-4EC636A713F8}.Release|x64.ActiveCfg = Release
		{7857D395-8614-4EED-AB1D-4EC636A713F8}.Release|x86.ActiveCfg = Release
	EndGlobalSection
	GlobalSection(SolutionProperties) = preSolution
		HideSolutionNode = FALSE
	EndGlobalSection
EndGlobal
